// !$*UTF8*$!
{
	archiveVersion = 1;
	classes = {
	};
	objectVersion = 46;
	objects = {

/* Begin PBXBuildFile section */
		B6C413FA1CDDC4AD0012095F /* yas_objc_mac_class_tests.m in Sources */ = {isa = PBXBuildFile; fileRef = B6C413F91CDDC4AD0012095F /* yas_objc_mac_class_tests.m */; };
		B6C414021CDDC8F40012095F /* yas_objc_ios_class_tests.m in Sources */ = {isa = PBXBuildFile; fileRef = B6C414011CDDC8F40012095F /* yas_objc_ios_class_tests.m */; };
		B6E429A61F808BDF00DFF91E /* yas_mac_struct_tests.m in Sources */ = {isa = PBXBuildFile; fileRef = B6E429A51F808BDF00DFF91E /* yas_mac_struct_tests.m */; };
		B6E429A81F808E3700DFF91E /* yas_ios_struct_tests.m in Sources */ = {isa = PBXBuildFile; fileRef = B6E429A71F808E3700DFF91E /* yas_ios_struct_tests.m */; };
		B6F2CAE91CDE219700EF584B /* yas_objc_unowned.m in Sources */ = {isa = PBXBuildFile; fileRef = B6F2CAE81CDE219700EF584B /* yas_objc_unowned.m */; };
		B6F2CAEA1CDE219700EF584B /* yas_objc_unowned.m in Sources */ = {isa = PBXBuildFile; fileRef = B6F2CAE81CDE219700EF584B /* yas_objc_unowned.m */; };
		B6F2CAED1CDE250800EF584B /* yas_objc_unowned_tests.m in Sources */ = {isa = PBXBuildFile; fileRef = B6F2CAEC1CDE250800EF584B /* yas_objc_unowned_tests.m */; };
		B6F2CAEE1CDE250800EF584B /* yas_objc_unowned_tests.m in Sources */ = {isa = PBXBuildFile; fileRef = B6F2CAEC1CDE250800EF584B /* yas_objc_unowned_tests.m */; };
/* End PBXBuildFile section */

/* Begin PBXFileReference section */
		B60F443F1C1419750028C68A /* objc_utils_test_mac_non_arc.xctest */ = {isa = PBXFileReference; explicitFileType = wrapper.cfbundle; includeInIndex = 0; path = objc_utils_test_mac_non_arc.xctest; sourceTree = BUILT_PRODUCTS_DIR; };
		B60F44441C1419750028C68A /* Info.plist */ = {isa = PBXFileReference; lastKnownFileType = text.plist.xml; path = Info.plist; sourceTree = "<group>"; };
		B60F444B1C1419A30028C68A /* yas_objc_macros.h */ = {isa = PBXFileReference; fileEncoding = 4; lastKnownFileType = sourcecode.c.h; path = yas_objc_macros.h; sourceTree = "<group>"; };
		B6C413F91CDDC4AD0012095F /* yas_objc_mac_class_tests.m */ = {isa = PBXFileReference; fileEncoding = 4; lastKnownFileType = sourcecode.c.objc; path = yas_objc_mac_class_tests.m; sourceTree = "<group>"; };
		B6C413FF1CDDC8F40012095F /* objc_utils_test_ios_non_arc.xctest */ = {isa = PBXFileReference; explicitFileType = wrapper.cfbundle; includeInIndex = 0; path = objc_utils_test_ios_non_arc.xctest; sourceTree = BUILT_PRODUCTS_DIR; };
		B6C414011CDDC8F40012095F /* yas_objc_ios_class_tests.m */ = {isa = PBXFileReference; lastKnownFileType = sourcecode.c.objc; path = yas_objc_ios_class_tests.m; sourceTree = "<group>"; };
		B6C414031CDDC8F40012095F /* Info.plist */ = {isa = PBXFileReference; lastKnownFileType = text.plist.xml; path = Info.plist; sourceTree = "<group>"; };
		B6E429A51F808BDF00DFF91E /* yas_mac_struct_tests.m */ = {isa = PBXFileReference; lastKnownFileType = sourcecode.c.objc; path = yas_mac_struct_tests.m; sourceTree = "<group>"; };
		B6E429A71F808E3700DFF91E /* yas_ios_struct_tests.m */ = {isa = PBXFileReference; lastKnownFileType = sourcecode.c.objc; path = yas_ios_struct_tests.m; sourceTree = "<group>"; };
		B6F2CAE71CDE219700EF584B /* yas_objc_unowned.h */ = {isa = PBXFileReference; fileEncoding = 4; lastKnownFileType = sourcecode.c.h; path = yas_objc_unowned.h; sourceTree = "<group>"; };
		B6F2CAE81CDE219700EF584B /* yas_objc_unowned.m */ = {isa = PBXFileReference; fileEncoding = 4; lastKnownFileType = sourcecode.c.objc; path = yas_objc_unowned.m; sourceTree = "<group>"; };
		B6F2CAEC1CDE250800EF584B /* yas_objc_unowned_tests.m */ = {isa = PBXFileReference; fileEncoding = 4; lastKnownFileType = sourcecode.c.objc; name = yas_objc_unowned_tests.m; path = objc_utils_test_common/yas_objc_unowned_tests.m; sourceTree = SOURCE_ROOT; };
/* End PBXFileReference section */

/* Begin PBXFrameworksBuildPhase section */
		B60F443C1C1419750028C68A /* Frameworks */ = {
			isa = PBXFrameworksBuildPhase;
			buildActionMask = 2147483647;
			files = (
			);
			runOnlyForDeploymentPostprocessing = 0;
		};
		B6C413FC1CDDC8F40012095F /* Frameworks */ = {
			isa = PBXFrameworksBuildPhase;
			buildActionMask = 2147483647;
			files = (
			);
			runOnlyForDeploymentPostprocessing = 0;
		};
/* End PBXFrameworksBuildPhase section */

/* Begin PBXGroup section */
		B60F44341C1419420028C68A = {
			isa = PBXGroup;
			children = (
				B60F44481C1419A30028C68A /* objc_utils */,
				B6F2CAEB1CDE24E300EF584B /* objc_utils_test_common */,
				B60F44411C1419750028C68A /* objc_utils_test_mac_non_arc */,
				B6C414001CDDC8F40012095F /* objc_utils_test_ios_non_arc */,
				B60F44401C1419750028C68A /* Products */,
			);
			sourceTree = "<group>";
		};
		B60F44401C1419750028C68A /* Products */ = {
			isa = PBXGroup;
			children = (
				B60F443F1C1419750028C68A /* objc_utils_test_mac_non_arc.xctest */,
				B6C413FF1CDDC8F40012095F /* objc_utils_test_ios_non_arc.xctest */,
			);
			name = Products;
			sourceTree = "<group>";
		};
		B60F44411C1419750028C68A /* objc_utils_test_mac_non_arc */ = {
			isa = PBXGroup;
			children = (
				B6C413F91CDDC4AD0012095F /* yas_objc_mac_class_tests.m */,
				B6E429A51F808BDF00DFF91E /* yas_mac_struct_tests.m */,
				B60F44441C1419750028C68A /* Info.plist */,
			);
			name = objc_utils_test_mac_non_arc;
			path = objc_utils_test_non_arc;
			sourceTree = "<group>";
		};
		B60F44481C1419A30028C68A /* objc_utils */ = {
			isa = PBXGroup;
			children = (
				B60F444B1C1419A30028C68A /* yas_objc_macros.h */,
				B6F2CAE71CDE219700EF584B /* yas_objc_unowned.h */,
				B6F2CAE81CDE219700EF584B /* yas_objc_unowned.m */,
			);
			name = objc_utils;
			path = ../objc_utils;
			sourceTree = "<group>";
		};
		B6C414001CDDC8F40012095F /* objc_utils_test_ios_non_arc */ = {
			isa = PBXGroup;
			children = (
				B6C414011CDDC8F40012095F /* yas_objc_ios_class_tests.m */,
				B6E429A71F808E3700DFF91E /* yas_ios_struct_tests.m */,
				B6C414031CDDC8F40012095F /* Info.plist */,
			);
			path = objc_utils_test_ios_non_arc;
			sourceTree = "<group>";
		};
		B6F2CAEB1CDE24E300EF584B /* objc_utils_test_common */ = {
			isa = PBXGroup;
			children = (
				B6F2CAEC1CDE250800EF584B /* yas_objc_unowned_tests.m */,
			);
			name = objc_utils_test_common;
			path = ../objc_utils;
			sourceTree = "<group>";
		};
/* End PBXGroup section */

/* Begin PBXNativeTarget section */
		B60F443E1C1419750028C68A /* objc_utils_test_mac_non_arc */ = {
			isa = PBXNativeTarget;
			buildConfigurationList = B60F44451C1419750028C68A /* Build configuration list for PBXNativeTarget "objc_utils_test_mac_non_arc" */;
			buildPhases = (
				B60F443B1C1419750028C68A /* Sources */,
				B60F443C1C1419750028C68A /* Frameworks */,
				B60F443D1C1419750028C68A /* Resources */,
			);
			buildRules = (
			);
			dependencies = (
			);
			name = objc_utils_test_mac_non_arc;
			productName = objc_utils_test_non_arc;
			productReference = B60F443F1C1419750028C68A /* objc_utils_test_mac_non_arc.xctest */;
			productType = "com.apple.product-type.bundle.unit-test";
		};
		B6C413FE1CDDC8F40012095F /* objc_utils_test_ios_non_arc */ = {
			isa = PBXNativeTarget;
			buildConfigurationList = B6C414041CDDC8F40012095F /* Build configuration list for PBXNativeTarget "objc_utils_test_ios_non_arc" */;
			buildPhases = (
				B6C413FB1CDDC8F40012095F /* Sources */,
				B6C413FC1CDDC8F40012095F /* Frameworks */,
				B6C413FD1CDDC8F40012095F /* Resources */,
			);
			buildRules = (
			);
			dependencies = (
			);
			name = objc_utils_test_ios_non_arc;
			productName = objc_utils_test_ios_non_arc;
			productReference = B6C413FF1CDDC8F40012095F /* objc_utils_test_ios_non_arc.xctest */;
			productType = "com.apple.product-type.bundle.unit-test";
		};
/* End PBXNativeTarget section */

/* Begin PBXProject section */
		B60F44351C1419420028C68A /* Project object */ = {
			isa = PBXProject;
			attributes = {
				LastUpgradeCheck = 0900;
				TargetAttributes = {
					B60F443E1C1419750028C68A = {
						CreatedOnToolsVersion = 7.1.1;
					};
					B6C413FE1CDDC8F40012095F = {
						CreatedOnToolsVersion = 7.3.1;
					};
				};
			};
			buildConfigurationList = B60F44381C1419420028C68A /* Build configuration list for PBXProject "objc_utils_test" */;
			compatibilityVersion = "Xcode 3.2";
			developmentRegion = English;
			hasScannedForEncodings = 0;
			knownRegions = (
				en,
			);
			mainGroup = B60F44341C1419420028C68A;
			productRefGroup = B60F44401C1419750028C68A /* Products */;
			projectDirPath = "";
			projectRoot = "";
			targets = (
				B60F443E1C1419750028C68A /* objc_utils_test_mac_non_arc */,
				B6C413FE1CDDC8F40012095F /* objc_utils_test_ios_non_arc */,
			);
		};
/* End PBXProject section */

/* Begin PBXResourcesBuildPhase section */
		B60F443D1C1419750028C68A /* Resources */ = {
			isa = PBXResourcesBuildPhase;
			buildActionMask = 2147483647;
			files = (
			);
			runOnlyForDeploymentPostprocessing = 0;
		};
		B6C413FD1CDDC8F40012095F /* Resources */ = {
			isa = PBXResourcesBuildPhase;
			buildActionMask = 2147483647;
			files = (
			);
			runOnlyForDeploymentPostprocessing = 0;
		};
/* End PBXResourcesBuildPhase section */

/* Begin PBXSourcesBuildPhase section */
		B60F443B1C1419750028C68A /* Sources */ = {
			isa = PBXSourcesBuildPhase;
			buildActionMask = 2147483647;
			files = (
				B6E429A61F808BDF00DFF91E /* yas_mac_struct_tests.m in Sources */,
				B6C413FA1CDDC4AD0012095F /* yas_objc_mac_class_tests.m in Sources */,
				B6F2CAE91CDE219700EF584B /* yas_objc_unowned.m in Sources */,
				B6F2CAED1CDE250800EF584B /* yas_objc_unowned_tests.m in Sources */,
			);
			runOnlyForDeploymentPostprocessing = 0;
		};
		B6C413FB1CDDC8F40012095F /* Sources */ = {
			isa = PBXSourcesBuildPhase;
			buildActionMask = 2147483647;
			files = (
				B6C414021CDDC8F40012095F /* yas_objc_ios_class_tests.m in Sources */,
				B6F2CAEA1CDE219700EF584B /* yas_objc_unowned.m in Sources */,
				B6E429A81F808E3700DFF91E /* yas_ios_struct_tests.m in Sources */,
				B6F2CAEE1CDE250800EF584B /* yas_objc_unowned_tests.m in Sources */,
			);
			runOnlyForDeploymentPostprocessing = 0;
		};
/* End PBXSourcesBuildPhase section */

/* Begin XCBuildConfiguration section */
		B60F44391C1419420028C68A /* Debug */ = {
			isa = XCBuildConfiguration;
			buildSettings = {
				CLANG_CXX_LANGUAGE_STANDARD = "gnu++14";
				CLANG_CXX_LIBRARY = "libc++";
				CLANG_WARN_BLOCK_CAPTURE_AUTORELEASING = YES;
				CLANG_WARN_BOOL_CONVERSION = YES;
				CLANG_WARN_COMMA = YES;
				CLANG_WARN_CONSTANT_CONVERSION = YES;
				CLANG_WARN_EMPTY_BODY = YES;
				CLANG_WARN_ENUM_CONVERSION = YES;
				CLANG_WARN_INFINITE_RECURSION = YES;
				CLANG_WARN_INT_CONVERSION = YES;
				CLANG_WARN_NON_LITERAL_NULL_CONVERSION = YES;
				CLANG_WARN_OBJC_LITERAL_CONVERSION = YES;
				CLANG_WARN_RANGE_LOOP_ANALYSIS = YES;
				CLANG_WARN_STRICT_PROTOTYPES = YES;
				CLANG_WARN_SUSPICIOUS_MOVE = YES;
				CLANG_WARN_UNREACHABLE_CODE = YES;
				CLANG_WARN__DUPLICATE_METHOD_MATCH = YES;
				ENABLE_STRICT_OBJC_MSGSEND = YES;
				ENABLE_TESTABILITY = YES;
				GCC_NO_COMMON_BLOCKS = YES;
				GCC_WARN_64_TO_32_BIT_CONVERSION = YES;
				GCC_WARN_ABOUT_RETURN_TYPE = YES;
				GCC_WARN_UNDECLARED_SELECTOR = YES;
				GCC_WARN_UNINITIALIZED_AUTOS = YES;
				GCC_WARN_UNUSED_FUNCTION = YES;
				GCC_WARN_UNUSED_VARIABLE = YES;
				ONLY_ACTIVE_ARCH = YES;
			};
			name = Debug;
		};
		B60F443A1C1419420028C68A /* Release */ = {
			isa = XCBuildConfiguration;
			buildSettings = {
				CLANG_CXX_LANGUAGE_STANDARD = "gnu++14";
				CLANG_CXX_LIBRARY = "libc++";
				CLANG_WARN_BLOCK_CAPTURE_AUTORELEASING = YES;
				CLANG_WARN_BOOL_CONVERSION = YES;
				CLANG_WARN_COMMA = YES;
				CLANG_WARN_CONSTANT_CONVERSION = YES;
				CLANG_WARN_EMPTY_BODY = YES;
				CLANG_WARN_ENUM_CONVERSION = YES;
				CLANG_WARN_INFINITE_RECURSION = YES;
				CLANG_WARN_INT_CONVERSION = YES;
				CLANG_WARN_NON_LITERAL_NULL_CONVERSION = YES;
				CLANG_WARN_OBJC_LITERAL_CONVERSION = YES;
				CLANG_WARN_RANGE_LOOP_ANALYSIS = YES;
				CLANG_WARN_STRICT_PROTOTYPES = YES;
				CLANG_WARN_SUSPICIOUS_MOVE = YES;
				CLANG_WARN_UNREACHABLE_CODE = YES;
				CLANG_WARN__DUPLICATE_METHOD_MATCH = YES;
				ENABLE_STRICT_OBJC_MSGSEND = YES;
				GCC_NO_COMMON_BLOCKS = YES;
				GCC_WARN_64_TO_32_BIT_CONVERSION = YES;
				GCC_WARN_ABOUT_RETURN_TYPE = YES;
				GCC_WARN_UNDECLARED_SELECTOR = YES;
				GCC_WARN_UNINITIALIZED_AUTOS = YES;
				GCC_WARN_UNUSED_FUNCTION = YES;
				GCC_WARN_UNUSED_VARIABLE = YES;
			};
			name = Release;
		};
		B60F44461C1419750028C68A /* Debug */ = {
			isa = XCBuildConfiguration;
			buildSettings = {
				ALWAYS_SEARCH_USER_PATHS = NO;
				CLANG_ENABLE_MODULES = YES;
				CLANG_ENABLE_OBJC_ARC = NO;
				CLANG_WARN_BOOL_CONVERSION = YES;
				CLANG_WARN_CONSTANT_CONVERSION = YES;
				CLANG_WARN_DIRECT_OBJC_ISA_USAGE = YES_ERROR;
				CLANG_WARN_EMPTY_BODY = YES;
				CLANG_WARN_ENUM_CONVERSION = YES;
				CLANG_WARN_INT_CONVERSION = YES;
				CLANG_WARN_OBJC_ROOT_CLASS = YES_ERROR;
				CLANG_WARN_UNREACHABLE_CODE = YES;
				CLANG_WARN__DUPLICATE_METHOD_MATCH = YES;
				CODE_SIGN_IDENTITY = "-";
				COMBINE_HIDPI_IMAGES = YES;
				COPY_PHASE_STRIP = NO;
				DEBUG_INFORMATION_FORMAT = dwarf;
				ENABLE_STRICT_OBJC_MSGSEND = YES;
				ENABLE_TESTABILITY = YES;
				GCC_C_LANGUAGE_STANDARD = gnu99;
				GCC_DYNAMIC_NO_PIC = NO;
				GCC_NO_COMMON_BLOCKS = YES;
				GCC_OPTIMIZATION_LEVEL = 0;
				GCC_PREPROCESSOR_DEFINITIONS = (
					"DEBUG=1",
					"$(inherited)",
				);
				GCC_WARN_64_TO_32_BIT_CONVERSION = YES;
				GCC_WARN_ABOUT_RETURN_TYPE = YES_ERROR;
				GCC_WARN_UNDECLARED_SELECTOR = YES;
				GCC_WARN_UNINITIALIZED_AUTOS = YES_AGGRESSIVE;
				GCC_WARN_UNUSED_FUNCTION = YES;
				GCC_WARN_UNUSED_VARIABLE = YES;
				INFOPLIST_FILE = objc_utils_test_non_arc/Info.plist;
				LD_RUNPATH_SEARCH_PATHS = "$(inherited) @executable_path/../Frameworks @loader_path/../Frameworks";
				MACOSX_DEPLOYMENT_TARGET = 10.11;
				MTL_ENABLE_DEBUG_INFO = YES;
				ONLY_ACTIVE_ARCH = YES;
				PRODUCT_BUNDLE_IDENTIFIER = "jp.objective-audio.objc-utils-test-non-arc";
				PRODUCT_NAME = "$(TARGET_NAME)";
				SDKROOT = macosx;
			};
			name = Debug;
		};
		B60F44471C1419750028C68A /* Release */ = {
			isa = XCBuildConfiguration;
			buildSettings = {
				ALWAYS_SEARCH_USER_PATHS = NO;
				CLANG_ENABLE_MODULES = YES;
				CLANG_ENABLE_OBJC_ARC = NO;
				CLANG_WARN_BOOL_CONVERSION = YES;
				CLANG_WARN_CONSTANT_CONVERSION = YES;
				CLANG_WARN_DIRECT_OBJC_ISA_USAGE = YES_ERROR;
				CLANG_WARN_EMPTY_BODY = YES;
				CLANG_WARN_ENUM_CONVERSION = YES;
				CLANG_WARN_INT_CONVERSION = YES;
				CLANG_WARN_OBJC_ROOT_CLASS = YES_ERROR;
				CLANG_WARN_UNREACHABLE_CODE = YES;
				CLANG_WARN__DUPLICATE_METHOD_MATCH = YES;
				CODE_SIGN_IDENTITY = "-";
				COMBINE_HIDPI_IMAGES = YES;
				COPY_PHASE_STRIP = NO;
				DEBUG_INFORMATION_FORMAT = "dwarf-with-dsym";
				ENABLE_NS_ASSERTIONS = NO;
				ENABLE_STRICT_OBJC_MSGSEND = YES;
				GCC_C_LANGUAGE_STANDARD = gnu99;
				GCC_NO_COMMON_BLOCKS = YES;
				GCC_WARN_64_TO_32_BIT_CONVERSION = YES;
				GCC_WARN_ABOUT_RETURN_TYPE = YES_ERROR;
				GCC_WARN_UNDECLARED_SELECTOR = YES;
				GCC_WARN_UNINITIALIZED_AUTOS = YES_AGGRESSIVE;
				GCC_WARN_UNUSED_FUNCTION = YES;
				GCC_WARN_UNUSED_VARIABLE = YES;
				INFOPLIST_FILE = objc_utils_test_non_arc/Info.plist;
				LD_RUNPATH_SEARCH_PATHS = "$(inherited) @executable_path/../Frameworks @loader_path/../Frameworks";
				MACOSX_DEPLOYMENT_TARGET = 10.11;
				MTL_ENABLE_DEBUG_INFO = NO;
				PRODUCT_BUNDLE_IDENTIFIER = "jp.objective-audio.objc-utils-test-non-arc";
				PRODUCT_NAME = "$(TARGET_NAME)";
				SDKROOT = macosx;
			};
			name = Release;
		};
		B6C414051CDDC8F40012095F /* Debug */ = {
			isa = XCBuildConfiguration;
			buildSettings = {
				ALWAYS_SEARCH_USER_PATHS = NO;
				CLANG_ANALYZER_NONNULL = YES;
				CLANG_CXX_LANGUAGE_STANDARD = "gnu++0x";
				CLANG_ENABLE_MODULES = YES;
				CLANG_ENABLE_OBJC_ARC = NO;
				CLANG_WARN_BOOL_CONVERSION = YES;
				CLANG_WARN_CONSTANT_CONVERSION = YES;
				CLANG_WARN_DIRECT_OBJC_ISA_USAGE = YES_ERROR;
				CLANG_WARN_EMPTY_BODY = YES;
				CLANG_WARN_ENUM_CONVERSION = YES;
				CLANG_WARN_INT_CONVERSION = YES;
				CLANG_WARN_OBJC_ROOT_CLASS = YES_ERROR;
				CLANG_WARN_UNREACHABLE_CODE = YES;
				CLANG_WARN__DUPLICATE_METHOD_MATCH = YES;
				"CODE_SIGN_IDENTITY[sdk=iphoneos*]" = "iPhone Developer";
				COPY_PHASE_STRIP = NO;
				DEBUG_INFORMATION_FORMAT = dwarf;
				ENABLE_STRICT_OBJC_MSGSEND = YES;
				GCC_C_LANGUAGE_STANDARD = gnu99;
				GCC_DYNAMIC_NO_PIC = NO;
				GCC_NO_COMMON_BLOCKS = YES;
				GCC_OPTIMIZATION_LEVEL = 0;
				GCC_PREPROCESSOR_DEFINITIONS = (
					"DEBUG=1",
					"$(inherited)",
				);
				GCC_WARN_64_TO_32_BIT_CONVERSION = YES;
				GCC_WARN_ABOUT_RETURN_TYPE = YES_ERROR;
				GCC_WARN_UNDECLARED_SELECTOR = YES;
				GCC_WARN_UNINITIALIZED_AUTOS = YES_AGGRESSIVE;
				GCC_WARN_UNUSED_FUNCTION = YES;
				GCC_WARN_UNUSED_VARIABLE = YES;
				INFOPLIST_FILE = objc_utils_test_ios_non_arc/Info.plist;
				IPHONEOS_DEPLOYMENT_TARGET = 9.3;
				LD_RUNPATH_SEARCH_PATHS = "$(inherited) @executable_path/Frameworks @loader_path/Frameworks";
				MTL_ENABLE_DEBUG_INFO = YES;
				PRODUCT_BUNDLE_IDENTIFIER = "jp.objective-audio.objc-utils-test-ios-non-arc";
				PRODUCT_NAME = "$(TARGET_NAME)";
				SDKROOT = iphoneos;
			};
			name = Debug;
		};
		B6C414061CDDC8F40012095F /* Release */ = {
			isa = XCBuildConfiguration;
			buildSettings = {
				ALWAYS_SEARCH_USER_PATHS = NO;
				CLANG_ANALYZER_NONNULL = YES;
				CLANG_CXX_LANGUAGE_STANDARD = "gnu++0x";
				CLANG_ENABLE_MODULES = YES;
				CLANG_ENABLE_OBJC_ARC = NO;
				CLANG_WARN_BOOL_CONVERSION = YES;
				CLANG_WARN_CONSTANT_CONVERSION = YES;
				CLANG_WARN_DIRECT_OBJC_ISA_USAGE = YES_ERROR;
				CLANG_WARN_EMPTY_BODY = YES;
				CLANG_WARN_ENUM_CONVERSION = YES;
				CLANG_WARN_INT_CONVERSION = YES;
				CLANG_WARN_OBJC_ROOT_CLASS = YES_ERROR;
				CLANG_WARN_UNREACHABLE_CODE = YES;
				CLANG_WARN__DUPLICATE_METHOD_MATCH = YES;
				"CODE_SIGN_IDENTITY[sdk=iphoneos*]" = "iPhone Developer";
				COPY_PHASE_STRIP = NO;
				DEBUG_INFORMATION_FORMAT = "dwarf-with-dsym";
				ENABLE_NS_ASSERTIONS = NO;
				ENABLE_STRICT_OBJC_MSGSEND = YES;
				GCC_C_LANGUAGE_STANDARD = gnu99;
				GCC_NO_COMMON_BLOCKS = YES;
				GCC_WARN_64_TO_32_BIT_CONVERSION = YES;
				GCC_WARN_ABOUT_RETURN_TYPE = YES_ERROR;
				GCC_WARN_UNDECLARED_SELECTOR = YES;
				GCC_WARN_UNINITIALIZED_AUTOS = YES_AGGRESSIVE;
				GCC_WARN_UNUSED_FUNCTION = YES;
				GCC_WARN_UNUSED_VARIABLE = YES;
				INFOPLIST_FILE = objc_utils_test_ios_non_arc/Info.plist;
				IPHONEOS_DEPLOYMENT_TARGET = 9.3;
				LD_RUNPATH_SEARCH_PATHS = "$(inherited) @executable_path/Frameworks @loader_path/Frameworks";
				MTL_ENABLE_DEBUG_INFO = NO;
				PRODUCT_BUNDLE_IDENTIFIER = "jp.objective-audio.objc-utils-test-ios-non-arc";
				PRODUCT_NAME = "$(TARGET_NAME)";
				SDKROOT = iphoneos;
				VALIDATE_PRODUCT = YES;
			};
			name = Release;
		};
/* End XCBuildConfiguration section */

/* Begin XCConfigurationList section */
		B60F44381C1419420028C68A /* Build configuration list for PBXProject "objc_utils_test" */ = {
			isa = XCConfigurationList;
			buildConfigurations = (
				B60F44391C1419420028C68A /* Debug */,
				B60F443A1C1419420028C68A /* Release */,
			);
			defaultConfigurationIsVisible = 0;
			defaultConfigurationName = Release;
		};
		B60F44451C1419750028C68A /* Build configuration list for PBXNativeTarget "objc_utils_test_mac_non_arc" */ = {
			isa = XCConfigurationList;
			buildConfigurations = (
				B60F44461C1419750028C68A /* Debug */,
				B60F44471C1419750028C68A /* Release */,
			);
			defaultConfigurationIsVisible = 0;
			defaultConfigurationName = Release;
		};
		B6C414041CDDC8F40012095F /* Build configuration list for PBXNativeTarget "objc_utils_test_ios_non_arc" */ = {
			isa = XCConfigurationList;
			buildConfigurations = (
				B6C414051CDDC8F40012095F /* Debug */,
				B6C414061CDDC8F40012095F /* Release */,
			);
			defaultConfigurationIsVisible = 0;
			defaultConfigurationName = Release;
		};
/* End XCConfigurationList section */
	};
	rootObject = B60F44351C1419420028C68A /* Project object */;
}
